// !$*UTF8*$!
{
	archiveVersion = 1;
	classes = {
	};
	objectVersion = 51;
	objects = {

/* Begin PBXBuildFile section */
		13F5F34F9C9627ECA701EC5C /* Pods_mNemeTests.framework in Frameworks */ = {isa = PBXBuildFile; fileRef = 11354B8AFCA77E9B1CE8292E /* Pods_mNemeTests.framework */; };
		4B0FCE0A24106A1E00192BCC /* Deck.swift in Sources */ = {isa = PBXBuildFile; fileRef = 4B0FCE0924106A1E00192BCC /* Deck.swift */; };
		4B58980E2405914A00ECCD03 /* MockDeck.swift in Sources */ = {isa = PBXBuildFile; fileRef = 4B58980D2405914A00ECCD03 /* MockDeck.swift */; };
		4B67E981242140F700FFF9FD /* DeckSearchViewController.swift in Sources */ = {isa = PBXBuildFile; fileRef = 4B67E980242140F700FFF9FD /* DeckSearchViewController.swift */; };
		4B8A2A3123FCA5C700116BF9 /* Login.storyboard in Resources */ = {isa = PBXBuildFile; fileRef = 4B8A2A3023FCA5C700116BF9 /* Login.storyboard */; };
		4BDE6C972406FAA300DF8AB1 /* DeckTableViewCell.swift in Sources */ = {isa = PBXBuildFile; fileRef = 4BDE6C962406FAA300DF8AB1 /* DeckTableViewCell.swift */; };
		4BE956F8241C5163008FFC1B /* CreateCardTableViewCell.swift in Sources */ = {isa = PBXBuildFile; fileRef = 4BE956F7241C5163008FFC1B /* CreateCardTableViewCell.swift */; };
		6E1A19C692A40780C18AE71F /* Pods_mNeme.framework in Frameworks */ = {isa = PBXBuildFile; fileRef = 625928B0143B44879A17FF25 /* Pods_mNeme.framework */; };
		954AB142240439C100FD385F /* DeckCard.storyboard in Resources */ = {isa = PBXBuildFile; fileRef = 954AB141240439C100FD385F /* DeckCard.storyboard */; };
		954AB14424043D8D00FD385F /* DeckCardViewController.swift in Sources */ = {isa = PBXBuildFile; fileRef = 954AB14324043D8D00FD385F /* DeckCardViewController.swift */; };
		95608CD02429159F00D65A50 /* GoogleService-Info.plist in Resources */ = {isa = PBXBuildFile; fileRef = 95608CCF2429159F00D65A50 /* GoogleService-Info.plist */; };
		95608CD12429159F00D65A50 /* GoogleService-Info.plist in Resources */ = {isa = PBXBuildFile; fileRef = 95608CCF2429159F00D65A50 /* GoogleService-Info.plist */; };
		95608CD22429159F00D65A50 /* GoogleService-Info.plist in Resources */ = {isa = PBXBuildFile; fileRef = 95608CCF2429159F00D65A50 /* GoogleService-Info.plist */; };
		95773B8823FF032A009B4EFE /* Onboard.storyboard in Resources */ = {isa = PBXBuildFile; fileRef = 95773B8723FF032A009B4EFE /* Onboard.storyboard */; };
		95773B8A23FF041A009B4EFE /* PreLoginViewController.swift in Sources */ = {isa = PBXBuildFile; fileRef = 95773B8923FF041A009B4EFE /* PreLoginViewController.swift */; };
		95773B9823FF4119009B4EFE /* Roboto-Black.ttf in Resources */ = {isa = PBXBuildFile; fileRef = 95773B8C23FF4114009B4EFE /* Roboto-Black.ttf */; };
		95773B9923FF4119009B4EFE /* Roboto-Thin.ttf in Resources */ = {isa = PBXBuildFile; fileRef = 95773B8D23FF4114009B4EFE /* Roboto-Thin.ttf */; };
		95773B9A23FF4119009B4EFE /* Roboto-ThinItalic.ttf in Resources */ = {isa = PBXBuildFile; fileRef = 95773B8E23FF4115009B4EFE /* Roboto-ThinItalic.ttf */; };
		95773B9B23FF4119009B4EFE /* Roboto-BoldItalic.ttf in Resources */ = {isa = PBXBuildFile; fileRef = 95773B8F23FF4115009B4EFE /* Roboto-BoldItalic.ttf */; };
		95773B9C23FF4119009B4EFE /* Roboto-Italic.ttf in Resources */ = {isa = PBXBuildFile; fileRef = 95773B9023FF4116009B4EFE /* Roboto-Italic.ttf */; };
		95773B9D23FF4119009B4EFE /* Roboto-BlackItalic.ttf in Resources */ = {isa = PBXBuildFile; fileRef = 95773B9123FF4116009B4EFE /* Roboto-BlackItalic.ttf */; };
		95773B9E23FF4119009B4EFE /* Roboto-Regular.ttf in Resources */ = {isa = PBXBuildFile; fileRef = 95773B9223FF4117009B4EFE /* Roboto-Regular.ttf */; };
		95773B9F23FF4119009B4EFE /* Roboto-Bold.ttf in Resources */ = {isa = PBXBuildFile; fileRef = 95773B9323FF4117009B4EFE /* Roboto-Bold.ttf */; };
		95773BA023FF4119009B4EFE /* Roboto-MediumItalic.ttf in Resources */ = {isa = PBXBuildFile; fileRef = 95773B9423FF4117009B4EFE /* Roboto-MediumItalic.ttf */; };
		95773BA123FF4119009B4EFE /* Roboto-LightItalic.ttf in Resources */ = {isa = PBXBuildFile; fileRef = 95773B9523FF4118009B4EFE /* Roboto-LightItalic.ttf */; };
		95773BA223FF4119009B4EFE /* Roboto-Medium.ttf in Resources */ = {isa = PBXBuildFile; fileRef = 95773B9623FF4118009B4EFE /* Roboto-Medium.ttf */; };
		95773BA323FF4119009B4EFE /* Roboto-Light.ttf in Resources */ = {isa = PBXBuildFile; fileRef = 95773B9723FF4118009B4EFE /* Roboto-Light.ttf */; };
		958A6B0C23FDE17700FDC959 /* LoginViewController.swift in Sources */ = {isa = PBXBuildFile; fileRef = 958A6B0B23FDE17700FDC959 /* LoginViewController.swift */; };
		95BE7411241093E9008FE54D /* CardTableViewCell.swift in Sources */ = {isa = PBXBuildFile; fileRef = 95BE7410241093E9008FE54D /* CardTableViewCell.swift */; };
		95EEEAE123FB45DA00B283E9 /* AppDelegate.swift in Sources */ = {isa = PBXBuildFile; fileRef = 95EEEAE023FB45DA00B283E9 /* AppDelegate.swift */; };
		95EEEAE323FB45DA00B283E9 /* SceneDelegate.swift in Sources */ = {isa = PBXBuildFile; fileRef = 95EEEAE223FB45DA00B283E9 /* SceneDelegate.swift */; };
		95EEEAE823FB45DA00B283E9 /* Main.storyboard in Resources */ = {isa = PBXBuildFile; fileRef = 95EEEAE623FB45DA00B283E9 /* Main.storyboard */; };
		95EEEAEB23FB45DA00B283E9 /* mNeme.xcdatamodeld in Sources */ = {isa = PBXBuildFile; fileRef = 95EEEAE923FB45DA00B283E9 /* mNeme.xcdatamodeld */; };
		95EEEAED23FB45DC00B283E9 /* Assets.xcassets in Resources */ = {isa = PBXBuildFile; fileRef = 95EEEAEC23FB45DC00B283E9 /* Assets.xcassets */; };
		95EEEAF023FB45DC00B283E9 /* LaunchScreen.storyboard in Resources */ = {isa = PBXBuildFile; fileRef = 95EEEAEE23FB45DC00B283E9 /* LaunchScreen.storyboard */; };
		95EEEAFB23FB45DC00B283E9 /* mNemeTests.swift in Sources */ = {isa = PBXBuildFile; fileRef = 95EEEAFA23FB45DC00B283E9 /* mNemeTests.swift */; };
		95EEEB0623FB45DC00B283E9 /* mNemeUITests.swift in Sources */ = {isa = PBXBuildFile; fileRef = 95EEEB0523FB45DC00B283E9 /* mNemeUITests.swift */; };
		BB1FAD05240F19D600D9887F /* ProfileScrollViewController.swift in Sources */ = {isa = PBXBuildFile; fileRef = BB1FAD04240F19D600D9887F /* ProfileScrollViewController.swift */; };
		BB1FAD07240F246200D9887F /* NotificationName+Extension.swift in Sources */ = {isa = PBXBuildFile; fileRef = BB1FAD06240F246200D9887F /* NotificationName+Extension.swift */; };
		BB1FAD0924106A6B00D9887F /* NetworkClient.swift in Sources */ = {isa = PBXBuildFile; fileRef = BB1FAD0824106A6B00D9887F /* NetworkClient.swift */; };
		BB1FAD0B2410758700D9887F /* MockDeckJSON.swift in Sources */ = {isa = PBXBuildFile; fileRef = BB1FAD0A2410758700D9887F /* MockDeckJSON.swift */; };
		BB20E8E82406EC9700B60F24 /* DeckController.swift in Sources */ = {isa = PBXBuildFile; fileRef = BB20E8E72406EC9700B60F24 /* DeckController.swift */; };
		BB2821E82422D35F00C5B813 /* DeckControllerTests.swift in Sources */ = {isa = PBXBuildFile; fileRef = BB2821E72422D35F00C5B813 /* DeckControllerTests.swift */; };
		BB2821EA2423D57B00C5B813 /* MockDemoDeckJSON.swift in Sources */ = {isa = PBXBuildFile; fileRef = BB2821E92423D57B00C5B813 /* MockDemoDeckJSON.swift */; };
		BB3A205024086A37007D6C86 /* DesignableUITextField.swift in Sources */ = {isa = PBXBuildFile; fileRef = BB3A204F24086A37007D6C86 /* DesignableUITextField.swift */; };
		BBD8A2E923FDDD8E00F5534E /* ProfileViewController.swift in Sources */ = {isa = PBXBuildFile; fileRef = BBD8A2E823FDDD8E00F5534E /* ProfileViewController.swift */; };
		BBD8A2EB23FDDDE600F5534E /* CreateDeckViewController.swift in Sources */ = {isa = PBXBuildFile; fileRef = BBD8A2EA23FDDDE600F5534E /* CreateDeckViewController.swift */; };
		BBD8A2ED23FDDE0500F5534E /* HomeViewController.swift in Sources */ = {isa = PBXBuildFile; fileRef = BBD8A2EC23FDDE0500F5534E /* HomeViewController.swift */; };
		BBD8A2EF23FDDF5D00F5534E /* TabViewController.swift in Sources */ = {isa = PBXBuildFile; fileRef = BBD8A2EE23FDDF5D00F5534E /* TabViewController.swift */; };
		BBD8A2F123FDE4BE00F5534E /* UIColor+Extension.swift in Sources */ = {isa = PBXBuildFile; fileRef = BBD8A2F023FDE4BD00F5534E /* UIColor+Extension.swift */; };
		BBD8A2F524008A8500F5534E /* User.swift in Sources */ = {isa = PBXBuildFile; fileRef = BBD8A2F424008A8500F5534E /* User.swift */; };
		BBD8A2FA24043E7100F5534E /* MockUserJSON.swift in Sources */ = {isa = PBXBuildFile; fileRef = BBD8A2F924043E7100F5534E /* MockUserJSON.swift */; };
		BBD8A2FC240444A800F5534E /* MockDataLoader.swift in Sources */ = {isa = PBXBuildFile; fileRef = BBD8A2FB240444A800F5534E /* MockDataLoader.swift */; };
		BBD8A2FE2404459B00F5534E /* UserPreferencesTests.swift in Sources */ = {isa = PBXBuildFile; fileRef = BBD8A2FD2404459B00F5534E /* UserPreferencesTests.swift */; };
		BBD8A300240447E200F5534E /* NetworkDataLoader.swift in Sources */ = {isa = PBXBuildFile; fileRef = BBD8A2FF240447E200F5534E /* NetworkDataLoader.swift */; };
		BBD8A3022404490B00F5534E /* UserController.swift in Sources */ = {isa = PBXBuildFile; fileRef = BBD8A3012404490B00F5534E /* UserController.swift */; };
		BBD8A305240449D500F5534E /* HTTPMethod.swift in Sources */ = {isa = PBXBuildFile; fileRef = BBD8A304240449D500F5534E /* HTTPMethod.swift */; };
		EC5F1912C220845743B332D3 /* Pods_mNeme_mNemeUITests.framework in Frameworks */ = {isa = PBXBuildFile; fileRef = D891E381A8CC75CAB70F1DED /* Pods_mNeme_mNemeUITests.framework */; };
/* End PBXBuildFile section */

/* Begin PBXContainerItemProxy section */
		95EEEAF723FB45DC00B283E9 /* PBXContainerItemProxy */ = {
			isa = PBXContainerItemProxy;
			containerPortal = 95EEEAD523FB45D900B283E9 /* Project object */;
			proxyType = 1;
			remoteGlobalIDString = 95EEEADC23FB45DA00B283E9;
			remoteInfo = mNeme;
		};
		95EEEB0223FB45DC00B283E9 /* PBXContainerItemProxy */ = {
			isa = PBXContainerItemProxy;
			containerPortal = 95EEEAD523FB45D900B283E9 /* Project object */;
			proxyType = 1;
			remoteGlobalIDString = 95EEEADC23FB45DA00B283E9;
			remoteInfo = mNeme;
		};
/* End PBXContainerItemProxy section */

/* Begin PBXFileReference section */
		0C61661E270DF9F177148EA4 /* Pods-mNemeTests.release.xcconfig */ = {isa = PBXFileReference; includeInIndex = 1; lastKnownFileType = text.xcconfig; name = "Pods-mNemeTests.release.xcconfig"; path = "Target Support Files/Pods-mNemeTests/Pods-mNemeTests.release.xcconfig"; sourceTree = "<group>"; };
		11354B8AFCA77E9B1CE8292E /* Pods_mNemeTests.framework */ = {isa = PBXFileReference; explicitFileType = wrapper.framework; includeInIndex = 0; path = Pods_mNemeTests.framework; sourceTree = BUILT_PRODUCTS_DIR; };
		3E7E4BC2E3DF3D2666993AC0 /* Pods-mNemeTests.debug.xcconfig */ = {isa = PBXFileReference; includeInIndex = 1; lastKnownFileType = text.xcconfig; name = "Pods-mNemeTests.debug.xcconfig"; path = "Target Support Files/Pods-mNemeTests/Pods-mNemeTests.debug.xcconfig"; sourceTree = "<group>"; };
		4B0FCE0924106A1E00192BCC /* Deck.swift */ = {isa = PBXFileReference; lastKnownFileType = sourcecode.swift; path = Deck.swift; sourceTree = "<group>"; };
		4B58980D2405914A00ECCD03 /* MockDeck.swift */ = {isa = PBXFileReference; lastKnownFileType = sourcecode.swift; path = MockDeck.swift; sourceTree = "<group>"; };
		4B67E980242140F700FFF9FD /* DeckSearchViewController.swift */ = {isa = PBXFileReference; lastKnownFileType = sourcecode.swift; path = DeckSearchViewController.swift; sourceTree = "<group>"; };
		4B8A2A3023FCA5C700116BF9 /* Login.storyboard */ = {isa = PBXFileReference; lastKnownFileType = file.storyboard; path = Login.storyboard; sourceTree = "<group>"; };
		4BDE6C962406FAA300DF8AB1 /* DeckTableViewCell.swift */ = {isa = PBXFileReference; lastKnownFileType = sourcecode.swift; path = DeckTableViewCell.swift; sourceTree = "<group>"; };
		4BE956F7241C5163008FFC1B /* CreateCardTableViewCell.swift */ = {isa = PBXFileReference; lastKnownFileType = sourcecode.swift; path = CreateCardTableViewCell.swift; sourceTree = "<group>"; };
		5A231593762C0B0497140987 /* Pods-mNeme.debug.xcconfig */ = {isa = PBXFileReference; includeInIndex = 1; lastKnownFileType = text.xcconfig; name = "Pods-mNeme.debug.xcconfig"; path = "Target Support Files/Pods-mNeme/Pods-mNeme.debug.xcconfig"; sourceTree = "<group>"; };
		625928B0143B44879A17FF25 /* Pods_mNeme.framework */ = {isa = PBXFileReference; explicitFileType = wrapper.framework; includeInIndex = 0; path = Pods_mNeme.framework; sourceTree = BUILT_PRODUCTS_DIR; };
		954AB141240439C100FD385F /* DeckCard.storyboard */ = {isa = PBXFileReference; lastKnownFileType = file.storyboard; path = DeckCard.storyboard; sourceTree = "<group>"; };
		954AB14324043D8D00FD385F /* DeckCardViewController.swift */ = {isa = PBXFileReference; lastKnownFileType = sourcecode.swift; path = DeckCardViewController.swift; sourceTree = "<group>"; };
		95608CCF2429159F00D65A50 /* GoogleService-Info.plist */ = {isa = PBXFileReference; fileEncoding = 4; lastKnownFileType = text.plist.xml; path = "GoogleService-Info.plist"; sourceTree = "<group>"; };
		95773B8723FF032A009B4EFE /* Onboard.storyboard */ = {isa = PBXFileReference; lastKnownFileType = file.storyboard; path = Onboard.storyboard; sourceTree = "<group>"; };
		95773B8923FF041A009B4EFE /* PreLoginViewController.swift */ = {isa = PBXFileReference; lastKnownFileType = sourcecode.swift; path = PreLoginViewController.swift; sourceTree = "<group>"; };
		95773B8C23FF4114009B4EFE /* Roboto-Black.ttf */ = {isa = PBXFileReference; lastKnownFileType = file; path = "Roboto-Black.ttf"; sourceTree = "<group>"; };
		95773B8D23FF4114009B4EFE /* Roboto-Thin.ttf */ = {isa = PBXFileReference; lastKnownFileType = file; path = "Roboto-Thin.ttf"; sourceTree = "<group>"; };
		95773B8E23FF4115009B4EFE /* Roboto-ThinItalic.ttf */ = {isa = PBXFileReference; lastKnownFileType = file; path = "Roboto-ThinItalic.ttf"; sourceTree = "<group>"; };
		95773B8F23FF4115009B4EFE /* Roboto-BoldItalic.ttf */ = {isa = PBXFileReference; lastKnownFileType = file; path = "Roboto-BoldItalic.ttf"; sourceTree = "<group>"; };
		95773B9023FF4116009B4EFE /* Roboto-Italic.ttf */ = {isa = PBXFileReference; lastKnownFileType = file; path = "Roboto-Italic.ttf"; sourceTree = "<group>"; };
		95773B9123FF4116009B4EFE /* Roboto-BlackItalic.ttf */ = {isa = PBXFileReference; lastKnownFileType = file; path = "Roboto-BlackItalic.ttf"; sourceTree = "<group>"; };
		95773B9223FF4117009B4EFE /* Roboto-Regular.ttf */ = {isa = PBXFileReference; lastKnownFileType = file; path = "Roboto-Regular.ttf"; sourceTree = "<group>"; };
		95773B9323FF4117009B4EFE /* Roboto-Bold.ttf */ = {isa = PBXFileReference; lastKnownFileType = file; path = "Roboto-Bold.ttf"; sourceTree = "<group>"; };
		95773B9423FF4117009B4EFE /* Roboto-MediumItalic.ttf */ = {isa = PBXFileReference; lastKnownFileType = file; path = "Roboto-MediumItalic.ttf"; sourceTree = "<group>"; };
		95773B9523FF4118009B4EFE /* Roboto-LightItalic.ttf */ = {isa = PBXFileReference; lastKnownFileType = file; path = "Roboto-LightItalic.ttf"; sourceTree = "<group>"; };
		95773B9623FF4118009B4EFE /* Roboto-Medium.ttf */ = {isa = PBXFileReference; lastKnownFileType = file; path = "Roboto-Medium.ttf"; sourceTree = "<group>"; };
		95773B9723FF4118009B4EFE /* Roboto-Light.ttf */ = {isa = PBXFileReference; lastKnownFileType = file; path = "Roboto-Light.ttf"; sourceTree = "<group>"; };
		958A6B0B23FDE17700FDC959 /* LoginViewController.swift */ = {isa = PBXFileReference; indentWidth = 5; lastKnownFileType = sourcecode.swift; path = LoginViewController.swift; sourceTree = "<group>"; };
		95BE7410241093E9008FE54D /* CardTableViewCell.swift */ = {isa = PBXFileReference; lastKnownFileType = sourcecode.swift; path = CardTableViewCell.swift; sourceTree = "<group>"; };
		95EEEADD23FB45DA00B283E9 /* mNeme.app */ = {isa = PBXFileReference; explicitFileType = wrapper.application; includeInIndex = 0; path = mNeme.app; sourceTree = BUILT_PRODUCTS_DIR; };
		95EEEAE023FB45DA00B283E9 /* AppDelegate.swift */ = {isa = PBXFileReference; lastKnownFileType = sourcecode.swift; path = AppDelegate.swift; sourceTree = "<group>"; };
		95EEEAE223FB45DA00B283E9 /* SceneDelegate.swift */ = {isa = PBXFileReference; lastKnownFileType = sourcecode.swift; path = SceneDelegate.swift; sourceTree = "<group>"; };
		95EEEAE723FB45DA00B283E9 /* Base */ = {isa = PBXFileReference; lastKnownFileType = file.storyboard; name = Base; path = Base.lproj/Main.storyboard; sourceTree = "<group>"; };
		95EEEAEA23FB45DA00B283E9 /* mNeme.xcdatamodel */ = {isa = PBXFileReference; lastKnownFileType = wrapper.xcdatamodel; path = mNeme.xcdatamodel; sourceTree = "<group>"; };
		95EEEAEC23FB45DC00B283E9 /* Assets.xcassets */ = {isa = PBXFileReference; lastKnownFileType = folder.assetcatalog; path = Assets.xcassets; sourceTree = "<group>"; };
		95EEEAEF23FB45DC00B283E9 /* Base */ = {isa = PBXFileReference; lastKnownFileType = file.storyboard; name = Base; path = Base.lproj/LaunchScreen.storyboard; sourceTree = "<group>"; };
		95EEEAF123FB45DC00B283E9 /* Info.plist */ = {isa = PBXFileReference; lastKnownFileType = text.plist.xml; path = Info.plist; sourceTree = "<group>"; };
		95EEEAF623FB45DC00B283E9 /* mNemeTests.xctest */ = {isa = PBXFileReference; explicitFileType = wrapper.cfbundle; includeInIndex = 0; path = mNemeTests.xctest; sourceTree = BUILT_PRODUCTS_DIR; };
		95EEEAFA23FB45DC00B283E9 /* mNemeTests.swift */ = {isa = PBXFileReference; lastKnownFileType = sourcecode.swift; path = mNemeTests.swift; sourceTree = "<group>"; };
		95EEEAFC23FB45DC00B283E9 /* Info.plist */ = {isa = PBXFileReference; lastKnownFileType = text.plist.xml; path = Info.plist; sourceTree = "<group>"; };
		95EEEB0123FB45DC00B283E9 /* mNemeUITests.xctest */ = {isa = PBXFileReference; explicitFileType = wrapper.cfbundle; includeInIndex = 0; path = mNemeUITests.xctest; sourceTree = BUILT_PRODUCTS_DIR; };
		95EEEB0523FB45DC00B283E9 /* mNemeUITests.swift */ = {isa = PBXFileReference; lastKnownFileType = sourcecode.swift; path = mNemeUITests.swift; sourceTree = "<group>"; };
		95EEEB0723FB45DC00B283E9 /* Info.plist */ = {isa = PBXFileReference; lastKnownFileType = text.plist.xml; path = Info.plist; sourceTree = "<group>"; };
		96E43B73731FDF6ABC35B793 /* Pods-mNeme.release.xcconfig */ = {isa = PBXFileReference; includeInIndex = 1; lastKnownFileType = text.xcconfig; name = "Pods-mNeme.release.xcconfig"; path = "Target Support Files/Pods-mNeme/Pods-mNeme.release.xcconfig"; sourceTree = "<group>"; };
		BB1FAD04240F19D600D9887F /* ProfileScrollViewController.swift */ = {isa = PBXFileReference; lastKnownFileType = sourcecode.swift; path = ProfileScrollViewController.swift; sourceTree = "<group>"; };
		BB1FAD06240F246200D9887F /* NotificationName+Extension.swift */ = {isa = PBXFileReference; lastKnownFileType = sourcecode.swift; path = "NotificationName+Extension.swift"; sourceTree = "<group>"; };
		BB1FAD0824106A6B00D9887F /* NetworkClient.swift */ = {isa = PBXFileReference; lastKnownFileType = sourcecode.swift; path = NetworkClient.swift; sourceTree = "<group>"; };
		BB1FAD0A2410758700D9887F /* MockDeckJSON.swift */ = {isa = PBXFileReference; lastKnownFileType = sourcecode.swift; path = MockDeckJSON.swift; sourceTree = "<group>"; };
		BB20E8E72406EC9700B60F24 /* DeckController.swift */ = {isa = PBXFileReference; lastKnownFileType = sourcecode.swift; path = DeckController.swift; sourceTree = "<group>"; };
		BB2821E72422D35F00C5B813 /* DeckControllerTests.swift */ = {isa = PBXFileReference; lastKnownFileType = sourcecode.swift; path = DeckControllerTests.swift; sourceTree = "<group>"; };
		BB2821E92423D57B00C5B813 /* MockDemoDeckJSON.swift */ = {isa = PBXFileReference; lastKnownFileType = sourcecode.swift; path = MockDemoDeckJSON.swift; sourceTree = "<group>"; };
		BB3A204F24086A37007D6C86 /* DesignableUITextField.swift */ = {isa = PBXFileReference; lastKnownFileType = sourcecode.swift; path = DesignableUITextField.swift; sourceTree = "<group>"; };
		BBD8A2E823FDDD8E00F5534E /* ProfileViewController.swift */ = {isa = PBXFileReference; lastKnownFileType = sourcecode.swift; path = ProfileViewController.swift; sourceTree = "<group>"; };
		BBD8A2EA23FDDDE600F5534E /* CreateDeckViewController.swift */ = {isa = PBXFileReference; lastKnownFileType = sourcecode.swift; path = CreateDeckViewController.swift; sourceTree = "<group>"; };
		BBD8A2EC23FDDE0500F5534E /* HomeViewController.swift */ = {isa = PBXFileReference; lastKnownFileType = sourcecode.swift; path = HomeViewController.swift; sourceTree = "<group>"; };
		BBD8A2EE23FDDF5D00F5534E /* TabViewController.swift */ = {isa = PBXFileReference; lastKnownFileType = sourcecode.swift; path = TabViewController.swift; sourceTree = "<group>"; };
		BBD8A2F023FDE4BD00F5534E /* UIColor+Extension.swift */ = {isa = PBXFileReference; lastKnownFileType = sourcecode.swift; path = "UIColor+Extension.swift"; sourceTree = "<group>"; };
		BBD8A2F424008A8500F5534E /* User.swift */ = {isa = PBXFileReference; lastKnownFileType = sourcecode.swift; path = User.swift; sourceTree = "<group>"; };
		BBD8A2F924043E7100F5534E /* MockUserJSON.swift */ = {isa = PBXFileReference; lastKnownFileType = sourcecode.swift; path = MockUserJSON.swift; sourceTree = "<group>"; };
		BBD8A2FB240444A800F5534E /* MockDataLoader.swift */ = {isa = PBXFileReference; lastKnownFileType = sourcecode.swift; path = MockDataLoader.swift; sourceTree = "<group>"; };
		BBD8A2FD2404459B00F5534E /* UserPreferencesTests.swift */ = {isa = PBXFileReference; lastKnownFileType = sourcecode.swift; path = UserPreferencesTests.swift; sourceTree = "<group>"; };
		BBD8A2FF240447E200F5534E /* NetworkDataLoader.swift */ = {isa = PBXFileReference; lastKnownFileType = sourcecode.swift; path = NetworkDataLoader.swift; sourceTree = "<group>"; };
		BBD8A3012404490B00F5534E /* UserController.swift */ = {isa = PBXFileReference; lastKnownFileType = sourcecode.swift; path = UserController.swift; sourceTree = "<group>"; };
		BBD8A304240449D500F5534E /* HTTPMethod.swift */ = {isa = PBXFileReference; lastKnownFileType = sourcecode.swift; path = HTTPMethod.swift; sourceTree = "<group>"; };
		C15B2EDE4B3663AAE166E8D3 /* Pods-mNeme-mNemeUITests.debug.xcconfig */ = {isa = PBXFileReference; includeInIndex = 1; lastKnownFileType = text.xcconfig; name = "Pods-mNeme-mNemeUITests.debug.xcconfig"; path = "Target Support Files/Pods-mNeme-mNemeUITests/Pods-mNeme-mNemeUITests.debug.xcconfig"; sourceTree = "<group>"; };
		D891E381A8CC75CAB70F1DED /* Pods_mNeme_mNemeUITests.framework */ = {isa = PBXFileReference; explicitFileType = wrapper.framework; includeInIndex = 0; path = Pods_mNeme_mNemeUITests.framework; sourceTree = BUILT_PRODUCTS_DIR; };
		E96B940EA3749EE3E4E58C4E /* Pods-mNeme-mNemeUITests.release.xcconfig */ = {isa = PBXFileReference; includeInIndex = 1; lastKnownFileType = text.xcconfig; name = "Pods-mNeme-mNemeUITests.release.xcconfig"; path = "Target Support Files/Pods-mNeme-mNemeUITests/Pods-mNeme-mNemeUITests.release.xcconfig"; sourceTree = "<group>"; };
/* End PBXFileReference section */

/* Begin PBXFrameworksBuildPhase section */
		95EEEADA23FB45DA00B283E9 /* Frameworks */ = {
			isa = PBXFrameworksBuildPhase;
			buildActionMask = 2147483647;
			files = (
				6E1A19C692A40780C18AE71F /* Pods_mNeme.framework in Frameworks */,
			);
			runOnlyForDeploymentPostprocessing = 0;
		};
		95EEEAF323FB45DC00B283E9 /* Frameworks */ = {
			isa = PBXFrameworksBuildPhase;
			buildActionMask = 2147483647;
			files = (
				13F5F34F9C9627ECA701EC5C /* Pods_mNemeTests.framework in Frameworks */,
			);
			runOnlyForDeploymentPostprocessing = 0;
		};
		95EEEAFE23FB45DC00B283E9 /* Frameworks */ = {
			isa = PBXFrameworksBuildPhase;
			buildActionMask = 2147483647;
			files = (
				EC5F1912C220845743B332D3 /* Pods_mNeme_mNemeUITests.framework in Frameworks */,
			);
			runOnlyForDeploymentPostprocessing = 0;
		};
/* End PBXFrameworksBuildPhase section */

/* Begin PBXGroup section */
		4B8A2A2A23FCA39D00116BF9 /* Resources */ = {
			isa = PBXGroup;
			children = (
				95EEEAE023FB45DA00B283E9 /* AppDelegate.swift */,
				95EEEAE223FB45DA00B283E9 /* SceneDelegate.swift */,
				BBD8A304240449D500F5534E /* HTTPMethod.swift */,
				95EEEAF123FB45DC00B283E9 /* Info.plist */,
				95608CCF2429159F00D65A50 /* GoogleService-Info.plist */,
				95EEEAEC23FB45DC00B283E9 /* Assets.xcassets */,
				95773B8B23FF40FA009B4EFE /* Fonts */,
			);
			path = Resources;
			sourceTree = "<group>";
		};
		4B8A2A2B23FCA3B700116BF9 /* Storyboards */ = {
			isa = PBXGroup;
			children = (
				95773B8723FF032A009B4EFE /* Onboard.storyboard */,
				4B8A2A3023FCA5C700116BF9 /* Login.storyboard */,
				95EEEAE623FB45DA00B283E9 /* Main.storyboard */,
				954AB141240439C100FD385F /* DeckCard.storyboard */,
				95EEEAEE23FB45DC00B283E9 /* LaunchScreen.storyboard */,
			);
			path = Storyboards;
			sourceTree = "<group>";
		};
		4B8A2A2C23FCA3C400116BF9 /* Models */ = {
			isa = PBXGroup;
			children = (
				95EEEAE923FB45DA00B283E9 /* mNeme.xcdatamodeld */,
				BBD8A2F424008A8500F5534E /* User.swift */,
				4B0FCE0924106A1E00192BCC /* Deck.swift */,
				4B58980D2405914A00ECCD03 /* MockDeck.swift */,
			);
			path = Models;
			sourceTree = "<group>";
		};
		95204335240095F80072F4DA /* View Controllers */ = {
			isa = PBXGroup;
			children = (
				BBD8A2E823FDDD8E00F5534E /* ProfileViewController.swift */,
				BB1FAD04240F19D600D9887F /* ProfileScrollViewController.swift */,
				4BDE6C962406FAA300DF8AB1 /* DeckTableViewCell.swift */,
				BBD8A2EA23FDDDE600F5534E /* CreateDeckViewController.swift */,
				4BE956F7241C5163008FFC1B /* CreateCardTableViewCell.swift */,
				95BE7410241093E9008FE54D /* CardTableViewCell.swift */,
				BBD8A2EC23FDDE0500F5534E /* HomeViewController.swift */,
				BBD8A2EE23FDDF5D00F5534E /* TabViewController.swift */,
				4B67E980242140F700FFF9FD /* DeckSearchViewController.swift */,
				958A6B0B23FDE17700FDC959 /* LoginViewController.swift */,
				95773B8923FF041A009B4EFE /* PreLoginViewController.swift */,
				954AB14324043D8D00FD385F /* DeckCardViewController.swift */,
			);
			path = "View Controllers";
			sourceTree = "<group>";
		};
		95204336240096350072F4DA /* Helper */ = {
			isa = PBXGroup;
			children = (
				BBD8A2F023FDE4BD00F5534E /* UIColor+Extension.swift */,
				BBD8A2FF240447E200F5534E /* NetworkDataLoader.swift */,
				BB3A204F24086A37007D6C86 /* DesignableUITextField.swift */,
				BB1FAD06240F246200D9887F /* NotificationName+Extension.swift */,
				BB1FAD0824106A6B00D9887F /* NetworkClient.swift */,
			);
			path = Helper;
			sourceTree = "<group>";
		};
		95773B8B23FF40FA009B4EFE /* Fonts */ = {
			isa = PBXGroup;
			children = (
				95773B8C23FF4114009B4EFE /* Roboto-Black.ttf */,
				95773B9123FF4116009B4EFE /* Roboto-BlackItalic.ttf */,
				95773B9323FF4117009B4EFE /* Roboto-Bold.ttf */,
				95773B8F23FF4115009B4EFE /* Roboto-BoldItalic.ttf */,
				95773B9023FF4116009B4EFE /* Roboto-Italic.ttf */,
				95773B9723FF4118009B4EFE /* Roboto-Light.ttf */,
				95773B9523FF4118009B4EFE /* Roboto-LightItalic.ttf */,
				95773B9623FF4118009B4EFE /* Roboto-Medium.ttf */,
				95773B9423FF4117009B4EFE /* Roboto-MediumItalic.ttf */,
				95773B9223FF4117009B4EFE /* Roboto-Regular.ttf */,
				95773B8D23FF4114009B4EFE /* Roboto-Thin.ttf */,
				95773B8E23FF4115009B4EFE /* Roboto-ThinItalic.ttf */,
			);
			path = Fonts;
			sourceTree = "<group>";
		};
		95EEEAD423FB45D900B283E9 = {
			isa = PBXGroup;
			children = (
				95EEEADF23FB45DA00B283E9 /* mNeme */,
				95EEEAF923FB45DC00B283E9 /* mNemeTests */,
				95EEEB0423FB45DC00B283E9 /* mNemeUITests */,
				95EEEADE23FB45DA00B283E9 /* Products */,
				964CD0A8F4958E553DA7DA00 /* Pods */,
				FE948281FDB097CA034C713C /* Frameworks */,
			);
			sourceTree = "<group>";
		};
		95EEEADE23FB45DA00B283E9 /* Products */ = {
			isa = PBXGroup;
			children = (
				95EEEADD23FB45DA00B283E9 /* mNeme.app */,
				95EEEAF623FB45DC00B283E9 /* mNemeTests.xctest */,
				95EEEB0123FB45DC00B283E9 /* mNemeUITests.xctest */,
			);
			name = Products;
			sourceTree = "<group>";
		};
		95EEEADF23FB45DA00B283E9 /* mNeme */ = {
			isa = PBXGroup;
			children = (
				BBD8A3032404491600F5534E /* Model Controllers */,
				4B8A2A2C23FCA3C400116BF9 /* Models */,
				95204335240095F80072F4DA /* View Controllers */,
				4B8A2A2B23FCA3B700116BF9 /* Storyboards */,
				95204336240096350072F4DA /* Helper */,
				4B8A2A2A23FCA39D00116BF9 /* Resources */,
			);
			path = mNeme;
			sourceTree = "<group>";
		};
		95EEEAF923FB45DC00B283E9 /* mNemeTests */ = {
			isa = PBXGroup;
			children = (
				95EEEAFA23FB45DC00B283E9 /* mNemeTests.swift */,
				95EEEAFC23FB45DC00B283E9 /* Info.plist */,
				BBD8A2F924043E7100F5534E /* MockUserJSON.swift */,
				BB1FAD0A2410758700D9887F /* MockDeckJSON.swift */,
				BB2821E92423D57B00C5B813 /* MockDemoDeckJSON.swift */,
				BBD8A2FB240444A800F5534E /* MockDataLoader.swift */,
				BBD8A2FD2404459B00F5534E /* UserPreferencesTests.swift */,
				BB2821E72422D35F00C5B813 /* DeckControllerTests.swift */,
			);
			path = mNemeTests;
			sourceTree = "<group>";
		};
		95EEEB0423FB45DC00B283E9 /* mNemeUITests */ = {
			isa = PBXGroup;
			children = (
				95EEEB0523FB45DC00B283E9 /* mNemeUITests.swift */,
				95EEEB0723FB45DC00B283E9 /* Info.plist */,
			);
			path = mNemeUITests;
			sourceTree = "<group>";
		};
		964CD0A8F4958E553DA7DA00 /* Pods */ = {
			isa = PBXGroup;
			children = (
				5A231593762C0B0497140987 /* Pods-mNeme.debug.xcconfig */,
				96E43B73731FDF6ABC35B793 /* Pods-mNeme.release.xcconfig */,
				C15B2EDE4B3663AAE166E8D3 /* Pods-mNeme-mNemeUITests.debug.xcconfig */,
				E96B940EA3749EE3E4E58C4E /* Pods-mNeme-mNemeUITests.release.xcconfig */,
				3E7E4BC2E3DF3D2666993AC0 /* Pods-mNemeTests.debug.xcconfig */,
				0C61661E270DF9F177148EA4 /* Pods-mNemeTests.release.xcconfig */,
			);
			path = Pods;
			sourceTree = "<group>";
		};
		BBD8A3032404491600F5534E /* Model Controllers */ = {
			isa = PBXGroup;
			children = (
				BBD8A3012404490B00F5534E /* UserController.swift */,
				BB20E8E72406EC9700B60F24 /* DeckController.swift */,
			);
			path = "Model Controllers";
			sourceTree = "<group>";
		};
		FE948281FDB097CA034C713C /* Frameworks */ = {
			isa = PBXGroup;
			children = (
				625928B0143B44879A17FF25 /* Pods_mNeme.framework */,
				D891E381A8CC75CAB70F1DED /* Pods_mNeme_mNemeUITests.framework */,
				11354B8AFCA77E9B1CE8292E /* Pods_mNemeTests.framework */,
			);
			name = Frameworks;
			sourceTree = "<group>";
		};
/* End PBXGroup section */

/* Begin PBXNativeTarget section */
		95EEEADC23FB45DA00B283E9 /* mNeme */ = {
			isa = PBXNativeTarget;
			buildConfigurationList = 95EEEB0A23FB45DC00B283E9 /* Build configuration list for PBXNativeTarget "mNeme" */;
			buildPhases = (
				2A5FC591E02568D0380579A2 /* [CP] Check Pods Manifest.lock */,
				95EEEAD923FB45DA00B283E9 /* Sources */,
				95EEEADA23FB45DA00B283E9 /* Frameworks */,
				95EEEADB23FB45DA00B283E9 /* Resources */,
				E9393FF20BEDF18A14AF7B7E /* [CP] Embed Pods Frameworks */,
				468793CBFA56CEB9E607A434 /* [CP] Copy Pods Resources */,
			);
			buildRules = (
			);
			dependencies = (
			);
			name = mNeme;
			packageProductDependencies = (
			);
			productName = mNeme;
			productReference = 95EEEADD23FB45DA00B283E9 /* mNeme.app */;
			productType = "com.apple.product-type.application";
		};
		95EEEAF523FB45DC00B283E9 /* mNemeTests */ = {
			isa = PBXNativeTarget;
			buildConfigurationList = 95EEEB0D23FB45DC00B283E9 /* Build configuration list for PBXNativeTarget "mNemeTests" */;
			buildPhases = (
				45A166993E092F828E5C9E42 /* [CP] Check Pods Manifest.lock */,
				95EEEAF223FB45DC00B283E9 /* Sources */,
				95EEEAF323FB45DC00B283E9 /* Frameworks */,
				95EEEAF423FB45DC00B283E9 /* Resources */,
			);
			buildRules = (
			);
			dependencies = (
				95EEEAF823FB45DC00B283E9 /* PBXTargetDependency */,
			);
			name = mNemeTests;
			productName = mNemeTests;
			productReference = 95EEEAF623FB45DC00B283E9 /* mNemeTests.xctest */;
			productType = "com.apple.product-type.bundle.unit-test";
		};
		95EEEB0023FB45DC00B283E9 /* mNemeUITests */ = {
			isa = PBXNativeTarget;
			buildConfigurationList = 95EEEB1023FB45DC00B283E9 /* Build configuration list for PBXNativeTarget "mNemeUITests" */;
			buildPhases = (
				B053A23B7FF31721D5E6045C /* [CP] Check Pods Manifest.lock */,
				95EEEAFD23FB45DC00B283E9 /* Sources */,
				95EEEAFE23FB45DC00B283E9 /* Frameworks */,
				95EEEAFF23FB45DC00B283E9 /* Resources */,
				B764819EDB54505B16EDE1AE /* [CP] Embed Pods Frameworks */,
				DB27A51A185DD4A6A9EA9FBB /* [CP] Copy Pods Resources */,
			);
			buildRules = (
			);
			dependencies = (
				95EEEB0323FB45DC00B283E9 /* PBXTargetDependency */,
			);
			name = mNemeUITests;
			productName = mNemeUITests;
			productReference = 95EEEB0123FB45DC00B283E9 /* mNemeUITests.xctest */;
			productType = "com.apple.product-type.bundle.ui-testing";
		};
/* End PBXNativeTarget section */

/* Begin PBXProject section */
		95EEEAD523FB45D900B283E9 /* Project object */ = {
			isa = PBXProject;
			attributes = {
				LastSwiftUpdateCheck = 1110;
				LastUpgradeCheck = 1110;
				ORGANIZATIONNAME = "Lambda School";
				TargetAttributes = {
					95EEEADC23FB45DA00B283E9 = {
						CreatedOnToolsVersion = 11.1;
					};
					95EEEAF523FB45DC00B283E9 = {
						CreatedOnToolsVersion = 11.1;
						TestTargetID = 95EEEADC23FB45DA00B283E9;
					};
					95EEEB0023FB45DC00B283E9 = {
						CreatedOnToolsVersion = 11.1;
						TestTargetID = 95EEEADC23FB45DA00B283E9;
					};
				};
			};
			buildConfigurationList = 95EEEAD823FB45D900B283E9 /* Build configuration list for PBXProject "mNeme" */;
			compatibilityVersion = "Xcode 9.3";
			developmentRegion = en;
			hasScannedForEncodings = 0;
			knownRegions = (
				en,
				Base,
			);
			mainGroup = 95EEEAD423FB45D900B283E9;
			packageReferences = (
			);
			productRefGroup = 95EEEADE23FB45DA00B283E9 /* Products */;
			projectDirPath = "";
			projectRoot = "";
			targets = (
				95EEEADC23FB45DA00B283E9 /* mNeme */,
				95EEEAF523FB45DC00B283E9 /* mNemeTests */,
				95EEEB0023FB45DC00B283E9 /* mNemeUITests */,
			);
		};
/* End PBXProject section */

/* Begin PBXResourcesBuildPhase section */
		95EEEADB23FB45DA00B283E9 /* Resources */ = {
			isa = PBXResourcesBuildPhase;
			buildActionMask = 2147483647;
			files = (
				95773B9F23FF4119009B4EFE /* Roboto-Bold.ttf in Resources */,
				95773BA023FF4119009B4EFE /* Roboto-MediumItalic.ttf in Resources */,
				954AB142240439C100FD385F /* DeckCard.storyboard in Resources */,
				95773BA123FF4119009B4EFE /* Roboto-LightItalic.ttf in Resources */,
				95773BA223FF4119009B4EFE /* Roboto-Medium.ttf in Resources */,
				95773B9923FF4119009B4EFE /* Roboto-Thin.ttf in Resources */,
				4B8A2A3123FCA5C700116BF9 /* Login.storyboard in Resources */,
				95EEEAF023FB45DC00B283E9 /* LaunchScreen.storyboard in Resources */,
				95773BA323FF4119009B4EFE /* Roboto-Light.ttf in Resources */,
				95EEEAED23FB45DC00B283E9 /* Assets.xcassets in Resources */,
				95773B9823FF4119009B4EFE /* Roboto-Black.ttf in Resources */,
				95608CD02429159F00D65A50 /* GoogleService-Info.plist in Resources */,
				95773B9A23FF4119009B4EFE /* Roboto-ThinItalic.ttf in Resources */,
				95773B9D23FF4119009B4EFE /* Roboto-BlackItalic.ttf in Resources */,
				95773B8823FF032A009B4EFE /* Onboard.storyboard in Resources */,
				95773B9B23FF4119009B4EFE /* Roboto-BoldItalic.ttf in Resources */,
				95773B9E23FF4119009B4EFE /* Roboto-Regular.ttf in Resources */,
				95773B9C23FF4119009B4EFE /* Roboto-Italic.ttf in Resources */,
				95EEEAE823FB45DA00B283E9 /* Main.storyboard in Resources */,
			);
			runOnlyForDeploymentPostprocessing = 0;
		};
		95EEEAF423FB45DC00B283E9 /* Resources */ = {
			isa = PBXResourcesBuildPhase;
			buildActionMask = 2147483647;
			files = (
				95608CD12429159F00D65A50 /* GoogleService-Info.plist in Resources */,
			);
			runOnlyForDeploymentPostprocessing = 0;
		};
		95EEEAFF23FB45DC00B283E9 /* Resources */ = {
			isa = PBXResourcesBuildPhase;
			buildActionMask = 2147483647;
			files = (
				95608CD22429159F00D65A50 /* GoogleService-Info.plist in Resources */,
			);
			runOnlyForDeploymentPostprocessing = 0;
		};
/* End PBXResourcesBuildPhase section */

/* Begin PBXShellScriptBuildPhase section */
		2A5FC591E02568D0380579A2 /* [CP] Check Pods Manifest.lock */ = {
			isa = PBXShellScriptBuildPhase;
			buildActionMask = 2147483647;
			files = (
			);
			inputFileListPaths = (
			);
			inputPaths = (
				"${PODS_PODFILE_DIR_PATH}/Podfile.lock",
				"${PODS_ROOT}/Manifest.lock",
			);
			name = "[CP] Check Pods Manifest.lock";
			outputFileListPaths = (
			);
			outputPaths = (
				"$(DERIVED_FILE_DIR)/Pods-mNeme-checkManifestLockResult.txt",
			);
			runOnlyForDeploymentPostprocessing = 0;
			shellPath = /bin/sh;
			shellScript = "diff \"${PODS_PODFILE_DIR_PATH}/Podfile.lock\" \"${PODS_ROOT}/Manifest.lock\" > /dev/null\nif [ $? != 0 ] ; then\n    # print error to STDERR\n    echo \"error: The sandbox is not in sync with the Podfile.lock. Run 'pod install' or update your CocoaPods installation.\" >&2\n    exit 1\nfi\n# This output is used by Xcode 'outputs' to avoid re-running this script phase.\necho \"SUCCESS\" > \"${SCRIPT_OUTPUT_FILE_0}\"\n";
			showEnvVarsInLog = 0;
		};
		45A166993E092F828E5C9E42 /* [CP] Check Pods Manifest.lock */ = {
			isa = PBXShellScriptBuildPhase;
			buildActionMask = 2147483647;
			files = (
			);
			inputFileListPaths = (
			);
			inputPaths = (
				"${PODS_PODFILE_DIR_PATH}/Podfile.lock",
				"${PODS_ROOT}/Manifest.lock",
			);
			name = "[CP] Check Pods Manifest.lock";
			outputFileListPaths = (
			);
			outputPaths = (
				"$(DERIVED_FILE_DIR)/Pods-mNemeTests-checkManifestLockResult.txt",
			);
			runOnlyForDeploymentPostprocessing = 0;
			shellPath = /bin/sh;
			shellScript = "diff \"${PODS_PODFILE_DIR_PATH}/Podfile.lock\" \"${PODS_ROOT}/Manifest.lock\" > /dev/null\nif [ $? != 0 ] ; then\n    # print error to STDERR\n    echo \"error: The sandbox is not in sync with the Podfile.lock. Run 'pod install' or update your CocoaPods installation.\" >&2\n    exit 1\nfi\n# This output is used by Xcode 'outputs' to avoid re-running this script phase.\necho \"SUCCESS\" > \"${SCRIPT_OUTPUT_FILE_0}\"\n";
			showEnvVarsInLog = 0;
		};
		468793CBFA56CEB9E607A434 /* [CP] Copy Pods Resources */ = {
			isa = PBXShellScriptBuildPhase;
			buildActionMask = 2147483647;
			files = (
			);
			inputFileListPaths = (
				"${PODS_ROOT}/Target Support Files/Pods-mNeme/Pods-mNeme-resources-${CONFIGURATION}-input-files.xcfilelist",
			);
			name = "[CP] Copy Pods Resources";
			outputFileListPaths = (
				"${PODS_ROOT}/Target Support Files/Pods-mNeme/Pods-mNeme-resources-${CONFIGURATION}-output-files.xcfilelist",
			);
			runOnlyForDeploymentPostprocessing = 0;
			shellPath = /bin/sh;
			shellScript = "\"${PODS_ROOT}/Target Support Files/Pods-mNeme/Pods-mNeme-resources.sh\"\n";
			showEnvVarsInLog = 0;
		};
		B053A23B7FF31721D5E6045C /* [CP] Check Pods Manifest.lock */ = {
			isa = PBXShellScriptBuildPhase;
			buildActionMask = 2147483647;
			files = (
			);
			inputFileListPaths = (
			);
			inputPaths = (
				"${PODS_PODFILE_DIR_PATH}/Podfile.lock",
				"${PODS_ROOT}/Manifest.lock",
			);
			name = "[CP] Check Pods Manifest.lock";
			outputFileListPaths = (
			);
			outputPaths = (
				"$(DERIVED_FILE_DIR)/Pods-mNeme-mNemeUITests-checkManifestLockResult.txt",
			);
			runOnlyForDeploymentPostprocessing = 0;
			shellPath = /bin/sh;
			shellScript = "diff \"${PODS_PODFILE_DIR_PATH}/Podfile.lock\" \"${PODS_ROOT}/Manifest.lock\" > /dev/null\nif [ $? != 0 ] ; then\n    # print error to STDERR\n    echo \"error: The sandbox is not in sync with the Podfile.lock. Run 'pod install' or update your CocoaPods installation.\" >&2\n    exit 1\nfi\n# This output is used by Xcode 'outputs' to avoid re-running this script phase.\necho \"SUCCESS\" > \"${SCRIPT_OUTPUT_FILE_0}\"\n";
			showEnvVarsInLog = 0;
		};
		B764819EDB54505B16EDE1AE /* [CP] Embed Pods Frameworks */ = {
			isa = PBXShellScriptBuildPhase;
			buildActionMask = 2147483647;
			files = (
			);
			inputFileListPaths = (
				"${PODS_ROOT}/Target Support Files/Pods-mNeme-mNemeUITests/Pods-mNeme-mNemeUITests-frameworks-${CONFIGURATION}-input-files.xcfilelist",
			);
			name = "[CP] Embed Pods Frameworks";
			outputFileListPaths = (
				"${PODS_ROOT}/Target Support Files/Pods-mNeme-mNemeUITests/Pods-mNeme-mNemeUITests-frameworks-${CONFIGURATION}-output-files.xcfilelist",
			);
			runOnlyForDeploymentPostprocessing = 0;
			shellPath = /bin/sh;
			shellScript = "\"${PODS_ROOT}/Target Support Files/Pods-mNeme-mNemeUITests/Pods-mNeme-mNemeUITests-frameworks.sh\"\n";
			showEnvVarsInLog = 0;
		};
		DB27A51A185DD4A6A9EA9FBB /* [CP] Copy Pods Resources */ = {
			isa = PBXShellScriptBuildPhase;
			buildActionMask = 2147483647;
			files = (
			);
			inputFileListPaths = (
				"${PODS_ROOT}/Target Support Files/Pods-mNeme-mNemeUITests/Pods-mNeme-mNemeUITests-resources-${CONFIGURATION}-input-files.xcfilelist",
			);
			name = "[CP] Copy Pods Resources";
			outputFileListPaths = (
				"${PODS_ROOT}/Target Support Files/Pods-mNeme-mNemeUITests/Pods-mNeme-mNemeUITests-resources-${CONFIGURATION}-output-files.xcfilelist",
			);
			runOnlyForDeploymentPostprocessing = 0;
			shellPath = /bin/sh;
			shellScript = "\"${PODS_ROOT}/Target Support Files/Pods-mNeme-mNemeUITests/Pods-mNeme-mNemeUITests-resources.sh\"\n";
			showEnvVarsInLog = 0;
		};
		E9393FF20BEDF18A14AF7B7E /* [CP] Embed Pods Frameworks */ = {
			isa = PBXShellScriptBuildPhase;
			buildActionMask = 2147483647;
			files = (
			);
			inputFileListPaths = (
				"${PODS_ROOT}/Target Support Files/Pods-mNeme/Pods-mNeme-frameworks-${CONFIGURATION}-input-files.xcfilelist",
			);
			name = "[CP] Embed Pods Frameworks";
			outputFileListPaths = (
				"${PODS_ROOT}/Target Support Files/Pods-mNeme/Pods-mNeme-frameworks-${CONFIGURATION}-output-files.xcfilelist",
			);
			runOnlyForDeploymentPostprocessing = 0;
			shellPath = /bin/sh;
			shellScript = "\"${PODS_ROOT}/Target Support Files/Pods-mNeme/Pods-mNeme-frameworks.sh\"\n";
			showEnvVarsInLog = 0;
		};
/* End PBXShellScriptBuildPhase section */

/* Begin PBXSourcesBuildPhase section */
		95EEEAD923FB45DA00B283E9 /* Sources */ = {
			isa = PBXSourcesBuildPhase;
			buildActionMask = 2147483647;
			files = (
				958A6B0C23FDE17700FDC959 /* LoginViewController.swift in Sources */,
				BB1FAD05240F19D600D9887F /* ProfileScrollViewController.swift in Sources */,
				95EEEAEB23FB45DA00B283E9 /* mNeme.xcdatamodeld in Sources */,
				BB1FAD0924106A6B00D9887F /* NetworkClient.swift in Sources */,
				95EEEAE123FB45DA00B283E9 /* AppDelegate.swift in Sources */,
				4BE956F8241C5163008FFC1B /* CreateCardTableViewCell.swift in Sources */,
				954AB14424043D8D00FD385F /* DeckCardViewController.swift in Sources */,
				BBD8A2E923FDDD8E00F5534E /* ProfileViewController.swift in Sources */,
				BB20E8E82406EC9700B60F24 /* DeckController.swift in Sources */,
				95BE7411241093E9008FE54D /* CardTableViewCell.swift in Sources */,
				BBD8A3022404490B00F5534E /* UserController.swift in Sources */,
				4B67E981242140F700FFF9FD /* DeckSearchViewController.swift in Sources */,
				BBD8A300240447E200F5534E /* NetworkDataLoader.swift in Sources */,
				95773B8A23FF041A009B4EFE /* PreLoginViewController.swift in Sources */,
				BBD8A2EB23FDDDE600F5534E /* CreateDeckViewController.swift in Sources */,
				BBD8A305240449D500F5534E /* HTTPMethod.swift in Sources */,
				4BDE6C972406FAA300DF8AB1 /* DeckTableViewCell.swift in Sources */,
				4B58980E2405914A00ECCD03 /* MockDeck.swift in Sources */,
				BB1FAD07240F246200D9887F /* NotificationName+Extension.swift in Sources */,
				95EEEAE323FB45DA00B283E9 /* SceneDelegate.swift in Sources */,
				BBD8A2EF23FDDF5D00F5534E /* TabViewController.swift in Sources */,
				BB3A205024086A37007D6C86 /* DesignableUITextField.swift in Sources */,
				BBD8A2ED23FDDE0500F5534E /* HomeViewController.swift in Sources */,
				BBD8A2F524008A8500F5534E /* User.swift in Sources */,
				4B0FCE0A24106A1E00192BCC /* Deck.swift in Sources */,
				BBD8A2F123FDE4BE00F5534E /* UIColor+Extension.swift in Sources */,
			);
			runOnlyForDeploymentPostprocessing = 0;
		};
		95EEEAF223FB45DC00B283E9 /* Sources */ = {
			isa = PBXSourcesBuildPhase;
			buildActionMask = 2147483647;
			files = (
				BB2821E82422D35F00C5B813 /* DeckControllerTests.swift in Sources */,
				BB2821EA2423D57B00C5B813 /* MockDemoDeckJSON.swift in Sources */,
				BBD8A2FA24043E7100F5534E /* MockUserJSON.swift in Sources */,
				BBD8A2FE2404459B00F5534E /* UserPreferencesTests.swift in Sources */,
				95EEEAFB23FB45DC00B283E9 /* mNemeTests.swift in Sources */,
				BB1FAD0B2410758700D9887F /* MockDeckJSON.swift in Sources */,
				BBD8A2FC240444A800F5534E /* MockDataLoader.swift in Sources */,
			);
			runOnlyForDeploymentPostprocessing = 0;
		};
		95EEEAFD23FB45DC00B283E9 /* Sources */ = {
			isa = PBXSourcesBuildPhase;
			buildActionMask = 2147483647;
			files = (
				95EEEB0623FB45DC00B283E9 /* mNemeUITests.swift in Sources */,
			);
			runOnlyForDeploymentPostprocessing = 0;
		};
/* End PBXSourcesBuildPhase section */

/* Begin PBXTargetDependency section */
		95EEEAF823FB45DC00B283E9 /* PBXTargetDependency */ = {
			isa = PBXTargetDependency;
			target = 95EEEADC23FB45DA00B283E9 /* mNeme */;
			targetProxy = 95EEEAF723FB45DC00B283E9 /* PBXContainerItemProxy */;
		};
		95EEEB0323FB45DC00B283E9 /* PBXTargetDependency */ = {
			isa = PBXTargetDependency;
			target = 95EEEADC23FB45DA00B283E9 /* mNeme */;
			targetProxy = 95EEEB0223FB45DC00B283E9 /* PBXContainerItemProxy */;
		};
/* End PBXTargetDependency section */

/* Begin PBXVariantGroup section */
		95EEEAE623FB45DA00B283E9 /* Main.storyboard */ = {
			isa = PBXVariantGroup;
			children = (
				95EEEAE723FB45DA00B283E9 /* Base */,
			);
			name = Main.storyboard;
			sourceTree = "<group>";
		};
		95EEEAEE23FB45DC00B283E9 /* LaunchScreen.storyboard */ = {
			isa = PBXVariantGroup;
			children = (
				95EEEAEF23FB45DC00B283E9 /* Base */,
			);
			name = LaunchScreen.storyboard;
			sourceTree = "<group>";
		};
/* End PBXVariantGroup section */

/* Begin XCBuildConfiguration section */
		95EEEB0823FB45DC00B283E9 /* Debug */ = {
			isa = XCBuildConfiguration;
			buildSettings = {
				ALWAYS_SEARCH_USER_PATHS = NO;
				CLANG_ANALYZER_NONNULL = YES;
				CLANG_ANALYZER_NUMBER_OBJECT_CONVERSION = YES_AGGRESSIVE;
				CLANG_CXX_LANGUAGE_STANDARD = "gnu++14";
				CLANG_CXX_LIBRARY = "libc++";
				CLANG_ENABLE_MODULES = YES;
				CLANG_ENABLE_OBJC_ARC = YES;
				CLANG_ENABLE_OBJC_WEAK = YES;
				CLANG_WARN_BLOCK_CAPTURE_AUTORELEASING = YES;
				CLANG_WARN_BOOL_CONVERSION = YES;
				CLANG_WARN_COMMA = YES;
				CLANG_WARN_CONSTANT_CONVERSION = YES;
				CLANG_WARN_DEPRECATED_OBJC_IMPLEMENTATIONS = YES;
				CLANG_WARN_DIRECT_OBJC_ISA_USAGE = YES_ERROR;
				CLANG_WARN_DOCUMENTATION_COMMENTS = YES;
				CLANG_WARN_EMPTY_BODY = YES;
				CLANG_WARN_ENUM_CONVERSION = YES;
				CLANG_WARN_INFINITE_RECURSION = YES;
				CLANG_WARN_INT_CONVERSION = YES;
				CLANG_WARN_NON_LITERAL_NULL_CONVERSION = YES;
				CLANG_WARN_OBJC_IMPLICIT_RETAIN_SELF = YES;
				CLANG_WARN_OBJC_LITERAL_CONVERSION = YES;
				CLANG_WARN_OBJC_ROOT_CLASS = YES_ERROR;
				CLANG_WARN_RANGE_LOOP_ANALYSIS = YES;
				CLANG_WARN_STRICT_PROTOTYPES = YES;
				CLANG_WARN_SUSPICIOUS_MOVE = YES;
				CLANG_WARN_UNGUARDED_AVAILABILITY = YES_AGGRESSIVE;
				CLANG_WARN_UNREACHABLE_CODE = YES;
				CLANG_WARN__DUPLICATE_METHOD_MATCH = YES;
				COPY_PHASE_STRIP = NO;
				DEBUG_INFORMATION_FORMAT = dwarf;
				ENABLE_STRICT_OBJC_MSGSEND = YES;
				ENABLE_TESTABILITY = YES;
				GCC_C_LANGUAGE_STANDARD = gnu11;
				GCC_DYNAMIC_NO_PIC = NO;
				GCC_NO_COMMON_BLOCKS = YES;
				GCC_OPTIMIZATION_LEVEL = 0;
				GCC_PREPROCESSOR_DEFINITIONS = (
					"DEBUG=1",
					"$(inherited)",
				);
				GCC_WARN_64_TO_32_BIT_CONVERSION = YES;
				GCC_WARN_ABOUT_RETURN_TYPE = YES_ERROR;
				GCC_WARN_UNDECLARED_SELECTOR = YES;
				GCC_WARN_UNINITIALIZED_AUTOS = YES_AGGRESSIVE;
				GCC_WARN_UNUSED_FUNCTION = YES;
				GCC_WARN_UNUSED_VARIABLE = YES;
				IPHONEOS_DEPLOYMENT_TARGET = 13.1;
				MTL_ENABLE_DEBUG_INFO = INCLUDE_SOURCE;
				MTL_FAST_MATH = YES;
				ONLY_ACTIVE_ARCH = YES;
				SDKROOT = iphoneos;
				SWIFT_ACTIVE_COMPILATION_CONDITIONS = DEBUG;
				SWIFT_OPTIMIZATION_LEVEL = "-Onone";
			};
			name = Debug;
		};
		95EEEB0923FB45DC00B283E9 /* Release */ = {
			isa = XCBuildConfiguration;
			buildSettings = {
				ALWAYS_SEARCH_USER_PATHS = NO;
				CLANG_ANALYZER_NONNULL = YES;
				CLANG_ANALYZER_NUMBER_OBJECT_CONVERSION = YES_AGGRESSIVE;
				CLANG_CXX_LANGUAGE_STANDARD = "gnu++14";
				CLANG_CXX_LIBRARY = "libc++";
				CLANG_ENABLE_MODULES = YES;
				CLANG_ENABLE_OBJC_ARC = YES;
				CLANG_ENABLE_OBJC_WEAK = YES;
				CLANG_WARN_BLOCK_CAPTURE_AUTORELEASING = YES;
				CLANG_WARN_BOOL_CONVERSION = YES;
				CLANG_WARN_COMMA = YES;
				CLANG_WARN_CONSTANT_CONVERSION = YES;
				CLANG_WARN_DEPRECATED_OBJC_IMPLEMENTATIONS = YES;
				CLANG_WARN_DIRECT_OBJC_ISA_USAGE = YES_ERROR;
				CLANG_WARN_DOCUMENTATION_COMMENTS = YES;
				CLANG_WARN_EMPTY_BODY = YES;
				CLANG_WARN_ENUM_CONVERSION = YES;
				CLANG_WARN_INFINITE_RECURSION = YES;
				CLANG_WARN_INT_CONVERSION = YES;
				CLANG_WARN_NON_LITERAL_NULL_CONVERSION = YES;
				CLANG_WARN_OBJC_IMPLICIT_RETAIN_SELF = YES;
				CLANG_WARN_OBJC_LITERAL_CONVERSION = YES;
				CLANG_WARN_OBJC_ROOT_CLASS = YES_ERROR;
				CLANG_WARN_RANGE_LOOP_ANALYSIS = YES;
				CLANG_WARN_STRICT_PROTOTYPES = YES;
				CLANG_WARN_SUSPICIOUS_MOVE = YES;
				CLANG_WARN_UNGUARDED_AVAILABILITY = YES_AGGRESSIVE;
				CLANG_WARN_UNREACHABLE_CODE = YES;
				CLANG_WARN__DUPLICATE_METHOD_MATCH = YES;
				COPY_PHASE_STRIP = NO;
				DEBUG_INFORMATION_FORMAT = "dwarf-with-dsym";
				ENABLE_NS_ASSERTIONS = NO;
				ENABLE_STRICT_OBJC_MSGSEND = YES;
				GCC_C_LANGUAGE_STANDARD = gnu11;
				GCC_NO_COMMON_BLOCKS = YES;
				GCC_WARN_64_TO_32_BIT_CONVERSION = YES;
				GCC_WARN_ABOUT_RETURN_TYPE = YES_ERROR;
				GCC_WARN_UNDECLARED_SELECTOR = YES;
				GCC_WARN_UNINITIALIZED_AUTOS = YES_AGGRESSIVE;
				GCC_WARN_UNUSED_FUNCTION = YES;
				GCC_WARN_UNUSED_VARIABLE = YES;
				IPHONEOS_DEPLOYMENT_TARGET = 13.1;
				MTL_ENABLE_DEBUG_INFO = NO;
				MTL_FAST_MATH = YES;
				SDKROOT = iphoneos;
				SWIFT_COMPILATION_MODE = wholemodule;
				SWIFT_OPTIMIZATION_LEVEL = "-O";
				VALIDATE_PRODUCT = YES;
			};
			name = Release;
		};
		95EEEB0B23FB45DC00B283E9 /* Debug */ = {
			isa = XCBuildConfiguration;
			baseConfigurationReference = 5A231593762C0B0497140987 /* Pods-mNeme.debug.xcconfig */;
			buildSettings = {
				ASSETCATALOG_COMPILER_APPICON_NAME = AppIcon;
				CODE_SIGN_STYLE = Automatic;
				DEVELOPMENT_TEAM = "";
				INFOPLIST_FILE = "$(SRCROOT)/mNeme/Resources/Info.plist";
				LD_RUNPATH_SEARCH_PATHS = (
					"$(inherited)",
					"@executable_path/Frameworks",
				);
				PRODUCT_BUNDLE_IDENTIFIER = "com.lambdaschool.mneme-labs";
				PRODUCT_NAME = "$(TARGET_NAME)";
				SWIFT_VERSION = 5.0;
				TARGETED_DEVICE_FAMILY = "1,2";
			};
			name = Debug;
		};
		95EEEB0C23FB45DC00B283E9 /* Release */ = {
			isa = XCBuildConfiguration;
			baseConfigurationReference = 96E43B73731FDF6ABC35B793 /* Pods-mNeme.release.xcconfig */;
			buildSettings = {
				ASSETCATALOG_COMPILER_APPICON_NAME = AppIcon;
				CODE_SIGN_STYLE = Automatic;
				DEVELOPMENT_TEAM = "";
				INFOPLIST_FILE = "$(SRCROOT)/mNeme/Resources/Info.plist";
				LD_RUNPATH_SEARCH_PATHS = (
					"$(inherited)",
					"@executable_path/Frameworks",
				);
				PRODUCT_BUNDLE_IDENTIFIER = "com.lambdaschool.mneme-labs";
				PRODUCT_NAME = "$(TARGET_NAME)";
				SWIFT_VERSION = 5.0;
				TARGETED_DEVICE_FAMILY = "1,2";
			};
			name = Release;
		};
		95EEEB0E23FB45DC00B283E9 /* Debug */ = {
			isa = XCBuildConfiguration;
			baseConfigurationReference = 3E7E4BC2E3DF3D2666993AC0 /* Pods-mNemeTests.debug.xcconfig */;
			buildSettings = {
				ALWAYS_EMBED_SWIFT_STANDARD_LIBRARIES = YES;
				BUNDLE_LOADER = "$(TEST_HOST)";
				CODE_SIGN_STYLE = Automatic;
				INFOPLIST_FILE = mNemeTests/Info.plist;
				IPHONEOS_DEPLOYMENT_TARGET = 13.1;
				LD_RUNPATH_SEARCH_PATHS = (
					"$(inherited)",
					"@executable_path/Frameworks",
					"@loader_path/Frameworks",
				);
				PRODUCT_BUNDLE_IDENTIFIER = com.lambdaschool.mNemeTests;
				PRODUCT_NAME = "$(TARGET_NAME)";
				SWIFT_VERSION = 5.0;
				TARGETED_DEVICE_FAMILY = "1,2";
				TEST_HOST = "$(BUILT_PRODUCTS_DIR)/mNeme.app/mNeme";
			};
			name = Debug;
		};
		95EEEB0F23FB45DC00B283E9 /* Release */ = {
			isa = XCBuildConfiguration;
			baseConfigurationReference = 0C61661E270DF9F177148EA4 /* Pods-mNemeTests.release.xcconfig */;
			buildSettings = {
				ALWAYS_EMBED_SWIFT_STANDARD_LIBRARIES = YES;
				BUNDLE_LOADER = "$(TEST_HOST)";
				CODE_SIGN_STYLE = Automatic;
				INFOPLIST_FILE = mNemeTests/Info.plist;
				IPHONEOS_DEPLOYMENT_TARGET = 13.1;
				LD_RUNPATH_SEARCH_PATHS = (
					"$(inherited)",
					"@executable_path/Frameworks",
					"@loader_path/Frameworks",
				);
				PRODUCT_BUNDLE_IDENTIFIER = com.lambdaschool.mNemeTests;
				PRODUCT_NAME = "$(TARGET_NAME)";
				SWIFT_VERSION = 5.0;
				TARGETED_DEVICE_FAMILY = "1,2";
				TEST_HOST = "$(BUILT_PRODUCTS_DIR)/mNeme.app/mNeme";
			};
			name = Release;
		};
		95EEEB1123FB45DC00B283E9 /* Debug */ = {
			isa = XCBuildConfiguration;
			baseConfigurationReference = C15B2EDE4B3663AAE166E8D3 /* Pods-mNeme-mNemeUITests.debug.xcconfig */;
			buildSettings = {
				ALWAYS_EMBED_SWIFT_STANDARD_LIBRARIES = YES;
				CODE_SIGN_STYLE = Automatic;
				INFOPLIST_FILE = mNemeUITests/Info.plist;
				LD_RUNPATH_SEARCH_PATHS = (
					"$(inherited)",
					"@executable_path/Frameworks",
					"@loader_path/Frameworks",
				);
				PRODUCT_BUNDLE_IDENTIFIER = com.lambdaschool.mNemeUITests;
				PRODUCT_NAME = "$(TARGET_NAME)";
				SWIFT_VERSION = 5.0;
				TARGETED_DEVICE_FAMILY = "1,2";
				TEST_TARGET_NAME = mNeme;
			};
			name = Debug;
		};
		95EEEB1223FB45DC00B283E9 /* Release */ = {
			isa = XCBuildConfiguration;
			baseConfigurationReference = E96B940EA3749EE3E4E58C4E /* Pods-mNeme-mNemeUITests.release.xcconfig */;
			buildSettings = {
				ALWAYS_EMBED_SWIFT_STANDARD_LIBRARIES = YES;
				CODE_SIGN_STYLE = Automatic;
				INFOPLIST_FILE = mNemeUITests/Info.plist;
				LD_RUNPATH_SEARCH_PATHS = (
					"$(inherited)",
					"@executable_path/Frameworks",
					"@loader_path/Frameworks",
				);
				PRODUCT_BUNDLE_IDENTIFIER = com.lambdaschool.mNemeUITests;
				PRODUCT_NAME = "$(TARGET_NAME)";
				SWIFT_VERSION = 5.0;
				TARGETED_DEVICE_FAMILY = "1,2";
				TEST_TARGET_NAME = mNeme;
			};
			name = Release;
		};
/* End XCBuildConfiguration section */

/* Begin XCConfigurationList section */
		95EEEAD823FB45D900B283E9 /* Build configuration list for PBXProject "mNeme" */ = {
			isa = XCConfigurationList;
			buildConfigurations = (
				95EEEB0823FB45DC00B283E9 /* Debug */,
				95EEEB0923FB45DC00B283E9 /* Release */,
			);
			defaultConfigurationIsVisible = 0;
			defaultConfigurationName = Release;
		};
		95EEEB0A23FB45DC00B283E9 /* Build configuration list for PBXNativeTarget "mNeme" */ = {
			isa = XCConfigurationList;
			buildConfigurations = (
				95EEEB0B23FB45DC00B283E9 /* Debug */,
				95EEEB0C23FB45DC00B283E9 /* Release */,
			);
			defaultConfigurationIsVisible = 0;
			defaultConfigurationName = Release;
		};
		95EEEB0D23FB45DC00B283E9 /* Build configuration list for PBXNativeTarget "mNemeTests" */ = {
			isa = XCConfigurationList;
			buildConfigurations = (
				95EEEB0E23FB45DC00B283E9 /* Debug */,
				95EEEB0F23FB45DC00B283E9 /* Release */,
			);
			defaultConfigurationIsVisible = 0;
			defaultConfigurationName = Release;
		};
		95EEEB1023FB45DC00B283E9 /* Build configuration list for PBXNativeTarget "mNemeUITests" */ = {
			isa = XCConfigurationList;
			buildConfigurations = (
				95EEEB1123FB45DC00B283E9 /* Debug */,
				95EEEB1223FB45DC00B283E9 /* Release */,
			);
			defaultConfigurationIsVisible = 0;
			defaultConfigurationName = Release;
		};
/* End XCConfigurationList section */

/* Begin XCVersionGroup section */
		95EEEAE923FB45DA00B283E9 /* mNeme.xcdatamodeld */ = {
			isa = XCVersionGroup;
			children = (
				95EEEAEA23FB45DA00B283E9 /* mNeme.xcdatamodel */,
			);
			currentVersion = 95EEEAEA23FB45DA00B283E9 /* mNeme.xcdatamodel */;
			path = mNeme.xcdatamodeld;
			sourceTree = "<group>";
			versionGroupType = wrapper.xcdatamodel;
		};
/* End XCVersionGroup section */
	};
	rootObject = 95EEEAD523FB45D900B283E9 /* Project object */;
}
